Microsoft Visual Studio Solution File, Format Version 12.00
# Visual Studio Version 17
VisualStudioVersion = 17.5.2.0
MinimumVisualStudioVersion = 10.0.40219.1
Project("{FAE04EC0-301F-11D3-BF4B-00C04F79EFBC}") = "GalagaTests", "GalagaTests\GalagaTests.csproj", "{27FA35A1-7988-E5CC-517B-30A993387B17}"
EndProject
Project("{FAE04EC0-301F-11D3-BF4B-00C04F79EFBC}") = "Galaga", "Galaga\Galaga.csproj", "{EF9D41BC-7EE6-894B-633D-CACFF6A3C7BF}"
EndProject
Global
	GlobalSection(SolutionConfigurationPlatforms) = preSolution
		Debug|Any CPU = Debug|Any CPU
		Release|Any CPU = Release|Any CPU
	EndGlobalSection
	GlobalSection(ProjectConfigurationPlatforms) = postSolution
		{27FA35A1-7988-E5CC-517B-30A993387B17}.Debug|Any CPU.ActiveCfg = Debug|Any CPU
		{27FA35A1-7988-E5CC-517B-30A993387B17}.Debug|Any CPU.Build.0 = Debug|Any CPU
		{27FA35A1-7988-E5CC-517B-30A993387B17}.Release|Any CPU.ActiveCfg = Release|Any CPU
		{27FA35A1-7988-E5CC-517B-30A993387B17}.Release|Any CPU.Build.0 = Release|Any CPU
		{EF9D41BC-7EE6-894B-633D-CACFF6A3C7BF}.Debug|Any CPU.ActiveCfg = Debug|Any CPU
		{EF9D41BC-7EE6-894B-633D-CACFF6A3C7BF}.Debug|Any CPU.Build.0 = Debug|Any CPU
		{EF9D41BC-7EE6-894B-633D-CACFF6A3C7BF}.Release|Any CPU.ActiveCfg = Release|Any CPU
		{EF9D41BC-7EE6-894B-633D-CACFF6A3C7BF}.Release|Any CPU.Build.0 = Release|Any CPU
	EndGlobalSection
	GlobalSection(SolutionProperties) = preSolution
		HideSolutionNode = FALSE
	EndGlobalSection
	GlobalSection(ExtensibilityGlobals) = postSolution
		SolutionGuid = {9F6DAE49-C38A-4CA1-9474-979EE3925385}
	EndGlobalSection
EndGlobal
